<Solution>
  <Folder Name="/src/">
    <Project Path="src/Rockets.Api/Rockets.Api.csproj" />
    <Project Path="src/Rockets.Application/Rockets.Application.csproj" />
    <Project Path="src/Rockets.Domain/Rockets.Domain.csproj" />
    <Project Path="src/Rockets.Storage.Sqlite/Rockets.Storage.Sqlite.csproj" />
  </Folder>
  <Folder Name="/tests/">
    <Project Path="tests/Rockets.Capture.Tests/Rockets.Capture.Tests.csproj" />
    <Project Path="tests/Rockets.Domain.Tests/Rockets.Domain.Tests.csproj" />
    <Project Path="tests/Rockets.Storage.Tests/Rockets.Storage.Tests.csproj" />
  </Folder>
  <Folder Name="/tools/">
    <Project Path="tools/Rockets.Capture/Rockets.Capture.csproj" />
    <Project Path="tools/Rockets.StoreBenchmark/Rockets.StoreBenchmark.csproj" />
  </Folder>
</Solution>
